
Microsoft Visual Studio Solution File, Format Version 12.00
# Visual Studio 15
VisualStudioVersion = 15.0.28307.960
MinimumVisualStudioVersion = 10.0.40219.1
Project("{FAE04EC0-301F-11D3-BF4B-00C04F79EFBC}") = "WebApplication3", "WebApplication3\WebApplication3.csproj", "{F6693E75-45DB-4008-9725-0818DD274642}"
EndProject
Global
	GlobalSection(SolutionConfigurationPlatforms) = preSolution
		Debug|Any CPU = Debug|Any CPU
		Release|Any CPU = Release|Any CPU
	EndGlobalSection
	GlobalSection(ProjectConfigurationPlatforms) = postSolution
		{F6693E75-45DB-4008-9725-0818DD274642}.Debug|Any CPU.ActiveCfg = Debug|Any CPU
		{F6693E75-45DB-4008-9725-0818DD274642}.Debug|Any CPU.Build.0 = Debug|Any CPU
		{F6693E75-45DB-4008-9725-0818DD274642}.Release|Any CPU.ActiveCfg = Release|Any CPU
		{F6693E75-45DB-4008-9725-0818DD274642}.Release|Any CPU.Build.0 = Release|Any CPU
	EndGlobalSection
	GlobalSection(SolutionProperties) = preSolution
		HideSolutionNode = FALSE
	EndGlobalSection
	GlobalSection(ExtensibilityGlobals) = postSolution
		SolutionGuid = {E37BD3FE-17F5-494D-8265-0DB59917EE19}
	EndGlobalSection
EndGlobal
